
Microsoft Visual Studio Solution File, Format Version 12.00
# Visual Studio Version 16
VisualStudioVersion = 16.0.31229.75
MinimumVisualStudioVersion = 10.0.40219.1
Project("{FAE04EC0-301F-11D3-BF4B-00C04F79EFBC}") = "Data", "Data\Data.csproj", "{ABBF8341-46E0-40D2-98F6-71A2E6C695AD}"
EndProject
Project("{2150E333-8FDC-42A3-9474-1A3956D46DE8}") = "Core", "Core", "{767E6621-3709-49BD-925F-94CD255AA814}"
EndProject
Project("{2150E333-8FDC-42A3-9474-1A3956D46DE8}") = "Presentation", "Presentation", "{7C68E907-A8D7-498A-86AD-DAEAE0F27D1B}"
EndProject
Project("{FAE04EC0-301F-11D3-BF4B-00C04F79EFBC}") = "Repository", "Repository\Repository.csproj", "{71799334-1F06-4484-B15F-720B82E843E2}"
EndProject
Project("{FAE04EC0-301F-11D3-BF4B-00C04F79EFBC}") = "MVC", "MVC\MVC.csproj", "{E35556EC-FDFF-4A34-BC3E-F1007DB6FE9F}"
	ProjectSection(ProjectDependencies) = postProject
		{940E3B72-954B-4685-AC20-8C969AC042DB} = {940E3B72-954B-4685-AC20-8C969AC042DB}
	EndProjectSection
EndProject
Project("{FAE04EC0-301F-11D3-BF4B-00C04F79EFBC}") = "ApplicationService", "ApplicationService\ApplicationService.csproj", "{80CDCB18-BBE2-40EB-8DB0-614D8AA3C72B}"
EndProject
Project("{FAE04EC0-301F-11D3-BF4B-00C04F79EFBC}") = "WCFService", "WCFService\WCFService.csproj", "{AFB31E52-935B-414B-B342-D76CC81A4C70}"
EndProject
Project("{FAE04EC0-301F-11D3-BF4B-00C04F79EFBC}") = "WCFProba", "WCFProba\WCFProba.csproj", "{940E3B72-954B-4685-AC20-8C969AC042DB}"
EndProject
Global
	GlobalSection(SolutionConfigurationPlatforms) = preSolution
		Debug|Any CPU = Debug|Any CPU
		Release|Any CPU = Release|Any CPU
	EndGlobalSection
	GlobalSection(ProjectConfigurationPlatforms) = postSolution
		{ABBF8341-46E0-40D2-98F6-71A2E6C695AD}.Debug|Any CPU.ActiveCfg = Debug|Any CPU
		{ABBF8341-46E0-40D2-98F6-71A2E6C695AD}.Debug|Any CPU.Build.0 = Debug|Any CPU
		{ABBF8341-46E0-40D2-98F6-71A2E6C695AD}.Release|Any CPU.ActiveCfg = Release|Any CPU
		{ABBF8341-46E0-40D2-98F6-71A2E6C695AD}.Release|Any CPU.Build.0 = Release|Any CPU
		{71799334-1F06-4484-B15F-720B82E843E2}.Debug|Any CPU.ActiveCfg = Debug|Any CPU
		{71799334-1F06-4484-B15F-720B82E843E2}.Debug|Any CPU.Build.0 = Debug|Any CPU
		{71799334-1F06-4484-B15F-720B82E843E2}.Release|Any CPU.ActiveCfg = Release|Any CPU
		{71799334-1F06-4484-B15F-720B82E843E2}.Release|Any CPU.Build.0 = Release|Any CPU
		{E35556EC-FDFF-4A34-BC3E-F1007DB6FE9F}.Debug|Any CPU.ActiveCfg = Debug|Any CPU
		{E35556EC-FDFF-4A34-BC3E-F1007DB6FE9F}.Debug|Any CPU.Build.0 = Debug|Any CPU
		{E35556EC-FDFF-4A34-BC3E-F1007DB6FE9F}.Release|Any CPU.ActiveCfg = Release|Any CPU
		{E35556EC-FDFF-4A34-BC3E-F1007DB6FE9F}.Release|Any CPU.Build.0 = Release|Any CPU
		{80CDCB18-BBE2-40EB-8DB0-614D8AA3C72B}.Debug|Any CPU.ActiveCfg = Debug|Any CPU
		{80CDCB18-BBE2-40EB-8DB0-614D8AA3C72B}.Debug|Any CPU.Build.0 = Debug|Any CPU
		{80CDCB18-BBE2-40EB-8DB0-614D8AA3C72B}.Release|Any CPU.ActiveCfg = Release|Any CPU
		{80CDCB18-BBE2-40EB-8DB0-614D8AA3C72B}.Release|Any CPU.Build.0 = Release|Any CPU
		{AFB31E52-935B-414B-B342-D76CC81A4C70}.Debug|Any CPU.ActiveCfg = Debug|Any CPU
		{AFB31E52-935B-414B-B342-D76CC81A4C70}.Debug|Any CPU.Build.0 = Debug|Any CPU
		{AFB31E52-935B-414B-B342-D76CC81A4C70}.Release|Any CPU.ActiveCfg = Release|Any CPU
		{AFB31E52-935B-414B-B342-D76CC81A4C70}.Release|Any CPU.Build.0 = Release|Any CPU
		{940E3B72-954B-4685-AC20-8C969AC042DB}.Debug|Any CPU.ActiveCfg = Debug|Any CPU
		{940E3B72-954B-4685-AC20-8C969AC042DB}.Debug|Any CPU.Build.0 = Debug|Any CPU
		{940E3B72-954B-4685-AC20-8C969AC042DB}.Release|Any CPU.ActiveCfg = Release|Any CPU
		{940E3B72-954B-4685-AC20-8C969AC042DB}.Release|Any CPU.Build.0 = Release|Any CPU
	EndGlobalSection
	GlobalSection(SolutionProperties) = preSolution
		HideSolutionNode = FALSE
	EndGlobalSection
	GlobalSection(NestedProjects) = preSolution
		{ABBF8341-46E0-40D2-98F6-71A2E6C695AD} = {767E6621-3709-49BD-925F-94CD255AA814}
		{71799334-1F06-4484-B15F-720B82E843E2} = {767E6621-3709-49BD-925F-94CD255AA814}
		{E35556EC-FDFF-4A34-BC3E-F1007DB6FE9F} = {7C68E907-A8D7-498A-86AD-DAEAE0F27D1B}
		{80CDCB18-BBE2-40EB-8DB0-614D8AA3C72B} = {767E6621-3709-49BD-925F-94CD255AA814}
		{AFB31E52-935B-414B-B342-D76CC81A4C70} = {7C68E907-A8D7-498A-86AD-DAEAE0F27D1B}
	EndGlobalSection
	GlobalSection(ExtensibilityGlobals) = postSolution
		SolutionGuid = {AAEF8891-DBEE-495F-94D9-DAEFB6FD5D98}
	EndGlobalSection
EndGlobal
